
Microsoft Visual Studio Solution File, Format Version 12.00
# Visual Studio Version 17
VisualStudioVersion = 17.2.32602.215
MinimumVisualStudioVersion = 10.0.40219.1
Project("{FAE04EC0-301F-11D3-BF4B-00C04F79EFBC}") = "TenberBot", "TenberBot\TenberBot.csproj", "{9F8EF8C6-F56C-4CEB-8774-702B3A2E4DA1}"
EndProject
Global
	GlobalSection(SolutionConfigurationPlatforms) = preSolution
		Debug|Any CPU = Debug|Any CPU
		Release|Any CPU = Release|Any CPU
	EndGlobalSection
	GlobalSection(ProjectConfigurationPlatforms) = postSolution
		{9F8EF8C6-F56C-4CEB-8774-702B3A2E4DA1}.Debug|Any CPU.ActiveCfg = Debug|Any CPU
		{9F8EF8C6-F56C-4CEB-8774-702B3A2E4DA1}.Debug|Any CPU.Build.0 = Debug|Any CPU
		{9F8EF8C6-F56C-4CEB-8774-702B3A2E4DA1}.Release|Any CPU.ActiveCfg = Release|Any CPU
		{9F8EF8C6-F56C-4CEB-8774-702B3A2E4DA1}.Release|Any CPU.Build.0 = Release|Any CPU
	EndGlobalSection
	GlobalSection(SolutionProperties) = preSolution
		HideSolutionNode = FALSE
	EndGlobalSection
	GlobalSection(ExtensibilityGlobals) = postSolution
		SolutionGuid = {D93E5E69-8435-4CCE-A761-FD7597FE93EA}
	EndGlobalSection
EndGlobal
